
Microsoft Visual Studio Solution File, Format Version 12.00
# Visual Studio 15
VisualStudioVersion = 15.0.26730.15
MinimumVisualStudioVersion = 10.0.40219.1
Project("{FAE04EC0-301F-11D3-BF4B-00C04F79EFBC}") = "HW2_Project", "HW2_Project\HW2_Project.csproj", "{37FAC7B3-74C6-4268-96B9-BA119841D0C6}"
EndProject
Global
	GlobalSection(SolutionConfigurationPlatforms) = preSolution
		Debug|Any CPU = Debug|Any CPU
		Release|Any CPU = Release|Any CPU
	EndGlobalSection
	GlobalSection(ProjectConfigurationPlatforms) = postSolution
		{37FAC7B3-74C6-4268-96B9-BA119841D0C6}.Debug|Any CPU.ActiveCfg = Debug|Any CPU
		{37FAC7B3-74C6-4268-96B9-BA119841D0C6}.Debug|Any CPU.Build.0 = Debug|Any CPU
		{37FAC7B3-74C6-4268-96B9-BA119841D0C6}.Release|Any CPU.ActiveCfg = Release|Any CPU
		{37FAC7B3-74C6-4268-96B9-BA119841D0C6}.Release|Any CPU.Build.0 = Release|Any CPU
	EndGlobalSection
	GlobalSection(SolutionProperties) = preSolution
		HideSolutionNode = FALSE
	EndGlobalSection
	GlobalSection(ExtensibilityGlobals) = postSolution
		SolutionGuid = {7C8AE4FB-6B54-462B-BD45-8A9F1F1D868E}
	EndGlobalSection
EndGlobal
